
Microsoft Visual Studio Solution File, Format Version 12.00
# Visual Studio 15
VisualStudioVersion = 15.0.26730.16
MinimumVisualStudioVersion = 10.0.40219.1
Project("{FAE04EC0-301F-11D3-BF4B-00C04F79EFBC}") = "EmployeeService", "EmployeeService\EmployeeService.csproj", "{AD804637-C030-41A9-AA70-8D3B81CF40E8}"
EndProject
Global
	GlobalSection(SolutionConfigurationPlatforms) = preSolution
		Debug|Any CPU = Debug|Any CPU
		Release|Any CPU = Release|Any CPU
	EndGlobalSection
	GlobalSection(ProjectConfigurationPlatforms) = postSolution
		{AD804637-C030-41A9-AA70-8D3B81CF40E8}.Debug|Any CPU.ActiveCfg = Debug|Any CPU
		{AD804637-C030-41A9-AA70-8D3B81CF40E8}.Debug|Any CPU.Build.0 = Debug|Any CPU
		{AD804637-C030-41A9-AA70-8D3B81CF40E8}.Release|Any CPU.ActiveCfg = Release|Any CPU
		{AD804637-C030-41A9-AA70-8D3B81CF40E8}.Release|Any CPU.Build.0 = Release|Any CPU
	EndGlobalSection
	GlobalSection(SolutionProperties) = preSolution
		HideSolutionNode = FALSE
	EndGlobalSection
	GlobalSection(ExtensibilityGlobals) = postSolution
		SolutionGuid = {BF2B6077-3BC2-4EB2-85A0-7B65EED0D4B5}
	EndGlobalSection
EndGlobal
